
Microsoft Visual Studio Solution File, Format Version 12.00
# Visual Studio 15
Project("{FAE04EC0-301F-11D3-BF4B-00C04F79EFBC}") = "hololens_object2", "hololens_object2.csproj", "{C2092EB2-9B4C-A6AE-092B-6B9B76340215}"
EndProject
Project("{FAE04EC0-301F-11D3-BF4B-00C04F79EFBC}") = "hololens_object2.Editor", "hololens_object2.Editor.csproj", "{254C6D4A-019A-0EBA-E8D2-05AD6FAC7B2F}"
EndProject
Global
	GlobalSection(SolutionConfigurationPlatforms) = preSolution
		Debug|Any CPU = Debug|Any CPU
		Release|Any CPU = Release|Any CPU
	EndGlobalSection
	GlobalSection(ProjectConfigurationPlatforms) = postSolution
		{C2092EB2-9B4C-A6AE-092B-6B9B76340215}.Debug|Any CPU.ActiveCfg = Debug|Any CPU
		{C2092EB2-9B4C-A6AE-092B-6B9B76340215}.Debug|Any CPU.Build.0 = Debug|Any CPU
		{C2092EB2-9B4C-A6AE-092B-6B9B76340215}.Release|Any CPU.ActiveCfg = Release|Any CPU
		{C2092EB2-9B4C-A6AE-092B-6B9B76340215}.Release|Any CPU.Build.0 = Release|Any CPU
		{254C6D4A-019A-0EBA-E8D2-05AD6FAC7B2F}.Debug|Any CPU.ActiveCfg = Debug|Any CPU
		{254C6D4A-019A-0EBA-E8D2-05AD6FAC7B2F}.Debug|Any CPU.Build.0 = Debug|Any CPU
		{254C6D4A-019A-0EBA-E8D2-05AD6FAC7B2F}.Release|Any CPU.ActiveCfg = Release|Any CPU
		{254C6D4A-019A-0EBA-E8D2-05AD6FAC7B2F}.Release|Any CPU.Build.0 = Release|Any CPU
	EndGlobalSection
	GlobalSection(SolutionProperties) = preSolution
		HideSolutionNode = FALSE
	EndGlobalSection
EndGlobal
