
Microsoft Visual Studio Solution File, Format Version 11.00
# Visual Studio 2010
Project("{FAE04EC0-301F-11D3-BF4B-00C04F79EFBC}") = "Mission_connect", "Assembly-CSharp.csproj", "{E05AC770-1C8A-F306-4115-5681809E904C}"
EndProject
Project("{FAE04EC0-301F-11D3-BF4B-00C04F79EFBC}") = "Mission_connect", "Assembly-CSharp-firstpass.csproj", "{041E1317-195F-C195-3165-59619A1F7BC7}"
EndProject
Global
	GlobalSection(SolutionConfigurationPlatforms) = preSolution
		Debug|Any CPU = Debug|Any CPU
		Release|Any CPU = Release|Any CPU
	EndGlobalSection
	GlobalSection(ProjectConfigurationPlatforms) = postSolution
		{E05AC770-1C8A-F306-4115-5681809E904C}.Debug|Any CPU.ActiveCfg = Debug|Any CPU
		{E05AC770-1C8A-F306-4115-5681809E904C}.Debug|Any CPU.Build.0 = Debug|Any CPU
		{E05AC770-1C8A-F306-4115-5681809E904C}.Release|Any CPU.ActiveCfg = Release|Any CPU
		{E05AC770-1C8A-F306-4115-5681809E904C}.Release|Any CPU.Build.0 = Release|Any CPU
		{041E1317-195F-C195-3165-59619A1F7BC7}.Debug|Any CPU.ActiveCfg = Debug|Any CPU
		{041E1317-195F-C195-3165-59619A1F7BC7}.Debug|Any CPU.Build.0 = Debug|Any CPU
		{041E1317-195F-C195-3165-59619A1F7BC7}.Release|Any CPU.ActiveCfg = Release|Any CPU
		{041E1317-195F-C195-3165-59619A1F7BC7}.Release|Any CPU.Build.0 = Release|Any CPU
	EndGlobalSection
	GlobalSection(SolutionProperties) = preSolution
		HideSolutionNode = FALSE
	EndGlobalSection
	GlobalSection(MonoDevelopProperties) = preSolution
		StartupItem = Assembly-CSharp.csproj
	EndGlobalSection
EndGlobal
